
Microsoft Visual Studio Solution File, Format Version 12.00
# Visual Studio Version 16
VisualStudioVersion = 16.0.29519.87
MinimumVisualStudioVersion = 10.0.40219.1
Project("{888888A0-9F3D-457C-B088-3A5042F75D52}") = "PythonApplication1", "PythonApplication1\PythonApplication1.pyproj", "{97398253-05A3-4DAF-9ADA-F57DA4DA161C}"
EndProject
Project("{2150E333-8FDC-42A3-9474-1A3956D46DE8}") = "Solution Items", "Solution Items", "{DF8B4B4A-5FD5-4434-A870-2EA261B4DCFF}"
	ProjectSection(SolutionItems) = preProject
		.gitignore = .gitignore
		Readme.md = Readme.md
	EndProjectSection
EndProject
Project("{888888A0-9F3D-457C-B088-3A5042F75D52}") = "NoisyCurveGenerator", "NoisyCurveGenerator\NoisyCurveGenerator.pyproj", "{83F10395-9C22-47C7-90E7-C6A2AA2F9689}"
EndProject
Project("{888888A0-9F3D-457C-B088-3A5042F75D52}") = "Common", "Common\Common.pyproj", "{EA8337D1-4146-41E9-8F34-35A4B13EECE4}"
EndProject
Project("{888888A0-9F3D-457C-B088-3A5042F75D52}") = "Algorithm", "Algorithm\Algorithm.pyproj", "{D9B8F31E-4986-4E42-9045-8C030BEC7E92}"
EndProject
Project("{888888A0-9F3D-457C-B088-3A5042F75D52}") = "Main", "Main\Main.pyproj", "{0F8BE38C-FF15-4B21-88E4-2AE188014A2A}"
EndProject
Project("{888888A0-9F3D-457C-B088-3A5042F75D52}") = "Playground", "Playground\Playground.pyproj", "{02458641-2268-4EB7-8C04-E86CD5E2E63C}"
EndProject
Global
	GlobalSection(SolutionConfigurationPlatforms) = preSolution
		Debug|Any CPU = Debug|Any CPU
		Release|Any CPU = Release|Any CPU
	EndGlobalSection
	GlobalSection(ProjectConfigurationPlatforms) = postSolution
		{97398253-05A3-4DAF-9ADA-F57DA4DA161C}.Debug|Any CPU.ActiveCfg = Debug|Any CPU
		{97398253-05A3-4DAF-9ADA-F57DA4DA161C}.Release|Any CPU.ActiveCfg = Release|Any CPU
		{83F10395-9C22-47C7-90E7-C6A2AA2F9689}.Debug|Any CPU.ActiveCfg = Debug|Any CPU
		{83F10395-9C22-47C7-90E7-C6A2AA2F9689}.Release|Any CPU.ActiveCfg = Release|Any CPU
		{EA8337D1-4146-41E9-8F34-35A4B13EECE4}.Debug|Any CPU.ActiveCfg = Debug|Any CPU
		{EA8337D1-4146-41E9-8F34-35A4B13EECE4}.Release|Any CPU.ActiveCfg = Release|Any CPU
		{D9B8F31E-4986-4E42-9045-8C030BEC7E92}.Debug|Any CPU.ActiveCfg = Debug|Any CPU
		{D9B8F31E-4986-4E42-9045-8C030BEC7E92}.Release|Any CPU.ActiveCfg = Release|Any CPU
		{0F8BE38C-FF15-4B21-88E4-2AE188014A2A}.Debug|Any CPU.ActiveCfg = Debug|Any CPU
		{0F8BE38C-FF15-4B21-88E4-2AE188014A2A}.Release|Any CPU.ActiveCfg = Release|Any CPU
		{02458641-2268-4EB7-8C04-E86CD5E2E63C}.Debug|Any CPU.ActiveCfg = Debug|Any CPU
		{02458641-2268-4EB7-8C04-E86CD5E2E63C}.Release|Any CPU.ActiveCfg = Release|Any CPU
	EndGlobalSection
	GlobalSection(SolutionProperties) = preSolution
		HideSolutionNode = FALSE
	EndGlobalSection
	GlobalSection(ExtensibilityGlobals) = postSolution
		SolutionGuid = {DCF8910A-774A-4211-B9F4-ACA65D34377E}
	EndGlobalSection
EndGlobal
